
Microsoft Visual Studio Solution File, Format Version 12.00
# Visual Studio 2013
VisualStudioVersion = 12.0.40629.0
MinimumVisualStudioVersion = 10.0.40219.1
Project("{FAE04EC0-301F-11D3-BF4B-00C04F79EFBC}") = "RPGCharacterCreator", "RPGCharacterCreator\RPGCharacterCreator.csproj", "{A6D2E6E0-22CC-4BF9-901B-C7431E4B9E78}"
EndProject
Project("{FAE04EC0-301F-11D3-BF4B-00C04F79EFBC}") = "RPGCharacterCreator.Tests", "RPGCharacterCreator.Tests\RPGCharacterCreator.Tests.csproj", "{240CC2AB-3ACA-461B-A3F8-026C55269796}"
EndProject
Global
	GlobalSection(SolutionConfigurationPlatforms) = preSolution
		Debug|Any CPU = Debug|Any CPU
		Release|Any CPU = Release|Any CPU
	EndGlobalSection
	GlobalSection(ProjectConfigurationPlatforms) = postSolution
		{A6D2E6E0-22CC-4BF9-901B-C7431E4B9E78}.Debug|Any CPU.ActiveCfg = Debug|Any CPU
		{A6D2E6E0-22CC-4BF9-901B-C7431E4B9E78}.Debug|Any CPU.Build.0 = Debug|Any CPU
		{A6D2E6E0-22CC-4BF9-901B-C7431E4B9E78}.Release|Any CPU.ActiveCfg = Release|Any CPU
		{A6D2E6E0-22CC-4BF9-901B-C7431E4B9E78}.Release|Any CPU.Build.0 = Release|Any CPU
		{240CC2AB-3ACA-461B-A3F8-026C55269796}.Debug|Any CPU.ActiveCfg = Debug|Any CPU
		{240CC2AB-3ACA-461B-A3F8-026C55269796}.Debug|Any CPU.Build.0 = Debug|Any CPU
		{240CC2AB-3ACA-461B-A3F8-026C55269796}.Release|Any CPU.ActiveCfg = Release|Any CPU
		{240CC2AB-3ACA-461B-A3F8-026C55269796}.Release|Any CPU.Build.0 = Release|Any CPU
	EndGlobalSection
	GlobalSection(SolutionProperties) = preSolution
		HideSolutionNode = FALSE
	EndGlobalSection
EndGlobal
